
Microsoft Visual Studio Solution File, Format Version 12.00
# Visual Studio Version 16
VisualStudioVersion = 16.0.31911.196
MinimumVisualStudioVersion = 10.0.40219.1
Project("{FAE04EC0-301F-11D3-BF4B-00C04F79EFBC}") = "Telegram.Bot", "Telegram.Bot\Telegram.Bot.csproj", "{60F5A59E-F151-47D9-8612-6F51BB464859}"
EndProject
Global
	GlobalSection(SolutionConfigurationPlatforms) = preSolution
		Debug|Any CPU = Debug|Any CPU
		Release|Any CPU = Release|Any CPU
	EndGlobalSection
	GlobalSection(ProjectConfigurationPlatforms) = postSolution
		{60F5A59E-F151-47D9-8612-6F51BB464859}.Debug|Any CPU.ActiveCfg = Debug|Any CPU
		{60F5A59E-F151-47D9-8612-6F51BB464859}.Debug|Any CPU.Build.0 = Debug|Any CPU
		{60F5A59E-F151-47D9-8612-6F51BB464859}.Release|Any CPU.ActiveCfg = Release|Any CPU
		{60F5A59E-F151-47D9-8612-6F51BB464859}.Release|Any CPU.Build.0 = Release|Any CPU
	EndGlobalSection
	GlobalSection(SolutionProperties) = preSolution
		HideSolutionNode = FALSE
	EndGlobalSection
	GlobalSection(ExtensibilityGlobals) = postSolution
		SolutionGuid = {73CF5989-B481-4323-875F-0B0AA80256FF}
	EndGlobalSection
EndGlobal
